
Microsoft Visual Studio Solution File, Format Version 12.00
# Visual Studio Version 16
VisualStudioVersion = 16.0.31729.503
MinimumVisualStudioVersion = 10.0.40219.1
Project("{FAE04EC0-301F-11D3-BF4B-00C04F79EFBC}") = "ProjectSC_Type3", "ProjectSC_Type3\ProjectSC_Type3.csproj", "{4B171E55-C480-47AE-9648-6896AA059EA9}"
EndProject
Global
	GlobalSection(SolutionConfigurationPlatforms) = preSolution
		Debug|Any CPU = Debug|Any CPU
		Release|Any CPU = Release|Any CPU
	EndGlobalSection
	GlobalSection(ProjectConfigurationPlatforms) = postSolution
		{4B171E55-C480-47AE-9648-6896AA059EA9}.Debug|Any CPU.ActiveCfg = Debug|Any CPU
		{4B171E55-C480-47AE-9648-6896AA059EA9}.Debug|Any CPU.Build.0 = Debug|Any CPU
		{4B171E55-C480-47AE-9648-6896AA059EA9}.Release|Any CPU.ActiveCfg = Release|Any CPU
		{4B171E55-C480-47AE-9648-6896AA059EA9}.Release|Any CPU.Build.0 = Release|Any CPU
	EndGlobalSection
	GlobalSection(SolutionProperties) = preSolution
		HideSolutionNode = FALSE
	EndGlobalSection
	GlobalSection(ExtensibilityGlobals) = postSolution
		SolutionGuid = {4171DBA1-763F-42EA-B157-DF9C42DD6FC6}
	EndGlobalSection
EndGlobal
